
Microsoft Visual Studio Solution File, Format Version 11.00
# Visual Studio 2010
Project("{FAE04EC0-301F-11D3-BF4B-00C04F79EFBC}") = "RefuCate_WPF", "RefuCate_WPF\RefuCate_WPF.csproj", "{A9875891-AE10-4E81-B50A-0F0BABCCC16F}"
EndProject
Project("{FAE04EC0-301F-11D3-BF4B-00C04F79EFBC}") = "RefuCate_WP7", "RefuCate_WP7\RefuCate_WP7.csproj", "{9313C242-EB42-46B6-A319-E1A92E712DEC}"
EndProject
Global
	GlobalSection(SolutionConfigurationPlatforms) = preSolution
		Debug|Any CPU = Debug|Any CPU
		Debug|Mixed Platforms = Debug|Mixed Platforms
		Debug|x86 = Debug|x86
		Release|Any CPU = Release|Any CPU
		Release|Mixed Platforms = Release|Mixed Platforms
		Release|x86 = Release|x86
	EndGlobalSection
	GlobalSection(ProjectConfigurationPlatforms) = postSolution
		{A9875891-AE10-4E81-B50A-0F0BABCCC16F}.Debug|Any CPU.ActiveCfg = Debug|x86
		{A9875891-AE10-4E81-B50A-0F0BABCCC16F}.Debug|Mixed Platforms.ActiveCfg = Debug|x86
		{A9875891-AE10-4E81-B50A-0F0BABCCC16F}.Debug|Mixed Platforms.Build.0 = Debug|x86
		{A9875891-AE10-4E81-B50A-0F0BABCCC16F}.Debug|x86.ActiveCfg = Debug|x86
		{A9875891-AE10-4E81-B50A-0F0BABCCC16F}.Debug|x86.Build.0 = Debug|x86
		{A9875891-AE10-4E81-B50A-0F0BABCCC16F}.Release|Any CPU.ActiveCfg = Release|x86
		{A9875891-AE10-4E81-B50A-0F0BABCCC16F}.Release|Mixed Platforms.ActiveCfg = Release|x86
		{A9875891-AE10-4E81-B50A-0F0BABCCC16F}.Release|Mixed Platforms.Build.0 = Release|x86
		{A9875891-AE10-4E81-B50A-0F0BABCCC16F}.Release|x86.ActiveCfg = Release|x86
		{A9875891-AE10-4E81-B50A-0F0BABCCC16F}.Release|x86.Build.0 = Release|x86
		{9313C242-EB42-46B6-A319-E1A92E712DEC}.Debug|Any CPU.ActiveCfg = Debug|Any CPU
		{9313C242-EB42-46B6-A319-E1A92E712DEC}.Debug|Any CPU.Build.0 = Debug|Any CPU
		{9313C242-EB42-46B6-A319-E1A92E712DEC}.Debug|Any CPU.Deploy.0 = Debug|Any CPU
		{9313C242-EB42-46B6-A319-E1A92E712DEC}.Debug|Mixed Platforms.ActiveCfg = Debug|Any CPU
		{9313C242-EB42-46B6-A319-E1A92E712DEC}.Debug|Mixed Platforms.Build.0 = Debug|Any CPU
		{9313C242-EB42-46B6-A319-E1A92E712DEC}.Debug|Mixed Platforms.Deploy.0 = Debug|Any CPU
		{9313C242-EB42-46B6-A319-E1A92E712DEC}.Debug|x86.ActiveCfg = Debug|Any CPU
		{9313C242-EB42-46B6-A319-E1A92E712DEC}.Release|Any CPU.ActiveCfg = Release|Any CPU
		{9313C242-EB42-46B6-A319-E1A92E712DEC}.Release|Any CPU.Build.0 = Release|Any CPU
		{9313C242-EB42-46B6-A319-E1A92E712DEC}.Release|Any CPU.Deploy.0 = Release|Any CPU
		{9313C242-EB42-46B6-A319-E1A92E712DEC}.Release|Mixed Platforms.ActiveCfg = Release|Any CPU
		{9313C242-EB42-46B6-A319-E1A92E712DEC}.Release|Mixed Platforms.Build.0 = Release|Any CPU
		{9313C242-EB42-46B6-A319-E1A92E712DEC}.Release|Mixed Platforms.Deploy.0 = Release|Any CPU
		{9313C242-EB42-46B6-A319-E1A92E712DEC}.Release|x86.ActiveCfg = Release|Any CPU
	EndGlobalSection
	GlobalSection(SolutionProperties) = preSolution
		HideSolutionNode = FALSE
	EndGlobalSection
EndGlobal
